
Microsoft Visual Studio Solution File, Format Version 12.00
# Visual Studio 14
VisualStudioVersion = 14.0.24720.0
MinimumVisualStudioVersion = 10.0.40219.1
Project("{FAE04EC0-301F-11D3-BF4B-00C04F79EFBC}") = "MenuTreeComponent", "MenuTreeComponent\MenuTreeComponent.csproj", "{51605DB6-3DE3-4B6C-B7DC-FA04B0D6825A}"
EndProject
Project("{FAE04EC0-301F-11D3-BF4B-00C04F79EFBC}") = "Tools", "Tools\Tools.csproj", "{643DFC51-3CCB-46C1-ABBA-E5CD9B28AE3C}"
EndProject
Project("{FAE04EC0-301F-11D3-BF4B-00C04F79EFBC}") = "ServerApp", "ServerApp\ServerApp.csproj", "{960A8644-0672-4337-8628-504E7BF5712E}"
EndProject
Global
	GlobalSection(SolutionConfigurationPlatforms) = preSolution
		Debug|Any CPU = Debug|Any CPU
		Release|Any CPU = Release|Any CPU
	EndGlobalSection
	GlobalSection(ProjectConfigurationPlatforms) = postSolution
		{51605DB6-3DE3-4B6C-B7DC-FA04B0D6825A}.Debug|Any CPU.ActiveCfg = Debug|Any CPU
		{51605DB6-3DE3-4B6C-B7DC-FA04B0D6825A}.Debug|Any CPU.Build.0 = Debug|Any CPU
		{51605DB6-3DE3-4B6C-B7DC-FA04B0D6825A}.Release|Any CPU.ActiveCfg = Release|Any CPU
		{51605DB6-3DE3-4B6C-B7DC-FA04B0D6825A}.Release|Any CPU.Build.0 = Release|Any CPU
		{643DFC51-3CCB-46C1-ABBA-E5CD9B28AE3C}.Debug|Any CPU.ActiveCfg = Debug|Any CPU
		{643DFC51-3CCB-46C1-ABBA-E5CD9B28AE3C}.Debug|Any CPU.Build.0 = Debug|Any CPU
		{643DFC51-3CCB-46C1-ABBA-E5CD9B28AE3C}.Release|Any CPU.ActiveCfg = Release|Any CPU
		{643DFC51-3CCB-46C1-ABBA-E5CD9B28AE3C}.Release|Any CPU.Build.0 = Release|Any CPU
		{960A8644-0672-4337-8628-504E7BF5712E}.Debug|Any CPU.ActiveCfg = Debug|Any CPU
		{960A8644-0672-4337-8628-504E7BF5712E}.Debug|Any CPU.Build.0 = Debug|Any CPU
		{960A8644-0672-4337-8628-504E7BF5712E}.Release|Any CPU.ActiveCfg = Release|Any CPU
		{960A8644-0672-4337-8628-504E7BF5712E}.Release|Any CPU.Build.0 = Release|Any CPU
	EndGlobalSection
	GlobalSection(SolutionProperties) = preSolution
		HideSolutionNode = FALSE
	EndGlobalSection
EndGlobal
